
Microsoft Visual Studio Solution File, Format Version 12.00
# Visual Studio Version 17
VisualStudioVersion = 17.2.32616.157
MinimumVisualStudioVersion = 10.0.40219.1
Project("{FAE04EC0-301F-11D3-BF4B-00C04F79EFBC}") = "Prison", "Prison\Prison.csproj", "{1029FA89-0009-42A2-B40D-D79DA8C7DCE2}"
EndProject
Global
	GlobalSection(SolutionConfigurationPlatforms) = preSolution
		Debug|Any CPU = Debug|Any CPU
		Release|Any CPU = Release|Any CPU
	EndGlobalSection
	GlobalSection(ProjectConfigurationPlatforms) = postSolution
		{1029FA89-0009-42A2-B40D-D79DA8C7DCE2}.Debug|Any CPU.ActiveCfg = Debug|Any CPU
		{1029FA89-0009-42A2-B40D-D79DA8C7DCE2}.Debug|Any CPU.Build.0 = Debug|Any CPU
		{1029FA89-0009-42A2-B40D-D79DA8C7DCE2}.Release|Any CPU.ActiveCfg = Release|Any CPU
		{1029FA89-0009-42A2-B40D-D79DA8C7DCE2}.Release|Any CPU.Build.0 = Release|Any CPU
	EndGlobalSection
	GlobalSection(SolutionProperties) = preSolution
		HideSolutionNode = FALSE
	EndGlobalSection
	GlobalSection(ExtensibilityGlobals) = postSolution
		SolutionGuid = {203F71E6-F076-4978-9FC2-A12740864C4B}
	EndGlobalSection
EndGlobal
